
Microsoft Visual Studio Solution File, Format Version 12.00
# Visual Studio Version 17
VisualStudioVersion = 17.8.34525.116
MinimumVisualStudioVersion = 10.0.40219.1
Project("{FAE04EC0-301F-11D3-BF4B-00C04F79EFBC}") = "Workaround", "Workaround\Workaround.csproj", "{39D87327-67F8-4D1B-A9D5-6F5EC4AECD08}"
EndProject
Project("{FAE04EC0-301F-11D3-BF4B-00C04F79EFBC}") = "Entities", "Entities\Entities.csproj", "{2AF2EAEA-6C1F-4FDD-A6F2-CA688FB51CE8}"
EndProject
Project("{FAE04EC0-301F-11D3-BF4B-00C04F79EFBC}") = "Business", "Business\Business.csproj", "{1B1A2928-855A-4472-9C2A-57E9D96CAD52}"
EndProject
Global
	GlobalSection(SolutionConfigurationPlatforms) = preSolution
		Debug|Any CPU = Debug|Any CPU
		Release|Any CPU = Release|Any CPU
	EndGlobalSection
	GlobalSection(ProjectConfigurationPlatforms) = postSolution
		{39D87327-67F8-4D1B-A9D5-6F5EC4AECD08}.Debug|Any CPU.ActiveCfg = Debug|Any CPU
		{39D87327-67F8-4D1B-A9D5-6F5EC4AECD08}.Debug|Any CPU.Build.0 = Debug|Any CPU
		{39D87327-67F8-4D1B-A9D5-6F5EC4AECD08}.Release|Any CPU.ActiveCfg = Release|Any CPU
		{39D87327-67F8-4D1B-A9D5-6F5EC4AECD08}.Release|Any CPU.Build.0 = Release|Any CPU
		{2AF2EAEA-6C1F-4FDD-A6F2-CA688FB51CE8}.Debug|Any CPU.ActiveCfg = Debug|Any CPU
		{2AF2EAEA-6C1F-4FDD-A6F2-CA688FB51CE8}.Debug|Any CPU.Build.0 = Debug|Any CPU
		{2AF2EAEA-6C1F-4FDD-A6F2-CA688FB51CE8}.Release|Any CPU.ActiveCfg = Release|Any CPU
		{2AF2EAEA-6C1F-4FDD-A6F2-CA688FB51CE8}.Release|Any CPU.Build.0 = Release|Any CPU
		{1B1A2928-855A-4472-9C2A-57E9D96CAD52}.Debug|Any CPU.ActiveCfg = Debug|Any CPU
		{1B1A2928-855A-4472-9C2A-57E9D96CAD52}.Debug|Any CPU.Build.0 = Debug|Any CPU
		{1B1A2928-855A-4472-9C2A-57E9D96CAD52}.Release|Any CPU.ActiveCfg = Release|Any CPU
		{1B1A2928-855A-4472-9C2A-57E9D96CAD52}.Release|Any CPU.Build.0 = Release|Any CPU
	EndGlobalSection
	GlobalSection(SolutionProperties) = preSolution
		HideSolutionNode = FALSE
	EndGlobalSection
	GlobalSection(ExtensibilityGlobals) = postSolution
		SolutionGuid = {57BFD13A-4B12-487D-9B96-AAAAD1817588}
	EndGlobalSection
EndGlobal
